
Microsoft Visual Studio Solution File, Format Version 12.00
# Visual Studio Version 16
VisualStudioVersion = 16.0.30717.126
MinimumVisualStudioVersion = 10.0.40219.1
Project("{FAE04EC0-301F-11D3-BF4B-00C04F79EFBC}") = "ProductExampleEntity", "ProductExampleEntity\ProductExampleEntity.csproj", "{9A159FD9-2BDE-4F70-9A4A-C96DCF499926}"
EndProject
Global
	GlobalSection(SolutionConfigurationPlatforms) = preSolution
		Debug|Any CPU = Debug|Any CPU
		Release|Any CPU = Release|Any CPU
	EndGlobalSection
	GlobalSection(ProjectConfigurationPlatforms) = postSolution
		{9A159FD9-2BDE-4F70-9A4A-C96DCF499926}.Debug|Any CPU.ActiveCfg = Debug|Any CPU
		{9A159FD9-2BDE-4F70-9A4A-C96DCF499926}.Debug|Any CPU.Build.0 = Debug|Any CPU
		{9A159FD9-2BDE-4F70-9A4A-C96DCF499926}.Release|Any CPU.ActiveCfg = Release|Any CPU
		{9A159FD9-2BDE-4F70-9A4A-C96DCF499926}.Release|Any CPU.Build.0 = Release|Any CPU
	EndGlobalSection
	GlobalSection(SolutionProperties) = preSolution
		HideSolutionNode = FALSE
	EndGlobalSection
	GlobalSection(ExtensibilityGlobals) = postSolution
		SolutionGuid = {5DD55892-0E26-41B4-8421-469C8BF9A263}
	EndGlobalSection
EndGlobal
